
Microsoft Visual Studio Solution File, Format Version 12.00
# Visual Studio Version 17
VisualStudioVersion = 17.14.37411.7 d17.14
MinimumVisualStudioVersion = 10.0.40219.1
Project("{FAE04EC0-301F-11D3-BF4B-00C04F79EFBC}") = "Portfolio", "Portfolio\Portfolio.csproj", "{E159F75D-0181-406A-BAC3-9DB166358298}"
EndProject
Global
	GlobalSection(SolutionConfigurationPlatforms) = preSolution
		Debug|Any CPU = Debug|Any CPU
		Release|Any CPU = Release|Any CPU
	EndGlobalSection
	GlobalSection(ProjectConfigurationPlatforms) = postSolution
		{E159F75D-0181-406A-BAC3-9DB166358298}.Debug|Any CPU.ActiveCfg = Debug|Any CPU
		{E159F75D-0181-406A-BAC3-9DB166358298}.Debug|Any CPU.Build.0 = Debug|Any CPU
		{E159F75D-0181-406A-BAC3-9DB166358298}.Release|Any CPU.ActiveCfg = Release|Any CPU
		{E159F75D-0181-406A-BAC3-9DB166358298}.Release|Any CPU.Build.0 = Release|Any CPU
	EndGlobalSection
	GlobalSection(SolutionProperties) = preSolution
		HideSolutionNode = FALSE
	EndGlobalSection
	GlobalSection(ExtensibilityGlobals) = postSolution
		SolutionGuid = {B6E9C796-3E02-4EA4-A169-D5B18C0C91CC}
	EndGlobalSection
EndGlobal
